// !$*UTF8*$!
{
	archiveVersion = 1;
	classes = {
	};
	objectVersion = 50;
	objects = {

/* Begin PBXBuildFile section */
		9A8E802221883E2C00E24441 /* AppDelegate.swift in Sources */ = {isa = PBXBuildFile; fileRef = 9A8E802121883E2C00E24441 /* AppDelegate.swift */; };
		9A8E802421883E2C00E24441 /* ViewController.swift in Sources */ = {isa = PBXBuildFile; fileRef = 9A8E802321883E2C00E24441 /* ViewController.swift */; };
		9A8E802721883E2C00E24441 /* Main.storyboard in Resources */ = {isa = PBXBuildFile; fileRef = 9A8E802521883E2C00E24441 /* Main.storyboard */; };
		9A8E802921883E2E00E24441 /* Assets.xcassets in Resources */ = {isa = PBXBuildFile; fileRef = 9A8E802821883E2E00E24441 /* Assets.xcassets */; };
		9A8E802C21883E2E00E24441 /* LaunchScreen.storyboard in Resources */ = {isa = PBXBuildFile; fileRef = 9A8E802A21883E2E00E24441 /* LaunchScreen.storyboard */; };
		9A8E803721883E2E00E24441 /* FileTests.swift in Sources */ = {isa = PBXBuildFile; fileRef = 9A8E803621883E2E00E24441 /* FileTests.swift */; };
		9A8E804221883E2E00E24441 /* FileUITests.swift in Sources */ = {isa = PBXBuildFile; fileRef = 9A8E804121883E2E00E24441 /* FileUITests.swift */; };
		9A8E805021883E5900E24441 /* File.swift in Sources */ = {isa = PBXBuildFile; fileRef = 9A8E804F21883E5900E24441 /* File.swift */; };
/* End PBXBuildFile section */

/* Begin PBXContainerItemProxy section */
		9A8E803321883E2E00E24441 /* PBXContainerItemProxy */ = {
			isa = PBXContainerItemProxy;
			containerPortal = 9A8E801621883E2C00E24441 /* Project object */;
			proxyType = 1;
			remoteGlobalIDString = 9A8E801D21883E2C00E24441;
			remoteInfo = File;
		};
		9A8E803E21883E2E00E24441 /* PBXContainerItemProxy */ = {
			isa = PBXContainerItemProxy;
			containerPortal = 9A8E801621883E2C00E24441 /* Project object */;
			proxyType = 1;
			remoteGlobalIDString = 9A8E801D21883E2C00E24441;
			remoteInfo = File;
		};
/* End PBXContainerItemProxy section */

/* Begin PBXFileReference section */
		9A8E801E21883E2C00E24441 /* File.app */ = {isa = PBXFileReference; explicitFileType = wrapper.application; includeInIndex = 0; path = File.app; sourceTree = BUILT_PRODUCTS_DIR; };
		9A8E802121883E2C00E24441 /* AppDelegate.swift */ = {isa = PBXFileReference; lastKnownFileType = sourcecode.swift; path = AppDelegate.swift; sourceTree = "<group>"; };
		9A8E802321883E2C00E24441 /* ViewController.swift */ = {isa = PBXFileReference; lastKnownFileType = sourcecode.swift; path = ViewController.swift; sourceTree = "<group>"; };
		9A8E802621883E2C00E24441 /* Base */ = {isa = PBXFileReference; lastKnownFileType = file.storyboard; name = Base; path = Base.lproj/Main.storyboard; sourceTree = "<group>"; };
		9A8E802821883E2E00E24441 /* Assets.xcassets */ = {isa = PBXFileReference; lastKnownFileType = folder.assetcatalog; path = Assets.xcassets; sourceTree = "<group>"; };
		9A8E802B21883E2E00E24441 /* Base */ = {isa = PBXFileReference; lastKnownFileType = file.storyboard; name = Base; path = Base.lproj/LaunchScreen.storyboard; sourceTree = "<group>"; };
		9A8E802D21883E2E00E24441 /* Info.plist */ = {isa = PBXFileReference; lastKnownFileType = text.plist.xml; path = Info.plist; sourceTree = "<group>"; };
		9A8E803221883E2E00E24441 /* FileTests.xctest */ = {isa = PBXFileReference; explicitFileType = wrapper.cfbundle; includeInIndex = 0; path = FileTests.xctest; sourceTree = BUILT_PRODUCTS_DIR; };
		9A8E803621883E2E00E24441 /* FileTests.swift */ = {isa = PBXFileReference; lastKnownFileType = sourcecode.swift; path = FileTests.swift; sourceTree = "<group>"; };
		9A8E803821883E2E00E24441 /* Info.plist */ = {isa = PBXFileReference; lastKnownFileType = text.plist.xml; path = Info.plist; sourceTree = "<group>"; };
		9A8E803D21883E2E00E24441 /* FileUITests.xctest */ = {isa = PBXFileReference; explicitFileType = wrapper.cfbundle; includeInIndex = 0; path = FileUITests.xctest; sourceTree = BUILT_PRODUCTS_DIR; };
		9A8E804121883E2E00E24441 /* FileUITests.swift */ = {isa = PBXFileReference; lastKnownFileType = sourcecode.swift; path = FileUITests.swift; sourceTree = "<group>"; };
		9A8E804321883E2E00E24441 /* Info.plist */ = {isa = PBXFileReference; lastKnownFileType = text.plist.xml; path = Info.plist; sourceTree = "<group>"; };
		9A8E804F21883E5900E24441 /* File.swift */ = {isa = PBXFileReference; lastKnownFileType = sourcecode.swift; path = File.swift; sourceTree = "<group>"; };
/* End PBXFileReference section */

/* Begin PBXFrameworksBuildPhase section */
		9A8E801B21883E2C00E24441 /* Frameworks */ = {
			isa = PBXFrameworksBuildPhase;
			buildActionMask = 2147483647;
			files = (
			);
			runOnlyForDeploymentPostprocessing = 0;
		};
		9A8E802F21883E2E00E24441 /* Frameworks */ = {
			isa = PBXFrameworksBuildPhase;
			buildActionMask = 2147483647;
			files = (
			);
			runOnlyForDeploymentPostprocessing = 0;
		};
		9A8E803A21883E2E00E24441 /* Frameworks */ = {
			isa = PBXFrameworksBuildPhase;
			buildActionMask = 2147483647;
			files = (
			);
			runOnlyForDeploymentPostprocessing = 0;
		};
/* End PBXFrameworksBuildPhase section */

/* Begin PBXGroup section */
		9A8E801521883E2C00E24441 = {
			isa = PBXGroup;
			children = (
				9A8E802021883E2C00E24441 /* File */,
				9A8E803521883E2E00E24441 /* FileTests */,
				9A8E804021883E2E00E24441 /* FileUITests */,
				9A8E801F21883E2C00E24441 /* Products */,
			);
			sourceTree = "<group>";
		};
		9A8E801F21883E2C00E24441 /* Products */ = {
			isa = PBXGroup;
			children = (
				9A8E801E21883E2C00E24441 /* File.app */,
				9A8E803221883E2E00E24441 /* FileTests.xctest */,
				9A8E803D21883E2E00E24441 /* FileUITests.xctest */,
			);
			name = Products;
			sourceTree = "<group>";
		};
		9A8E802021883E2C00E24441 /* File */ = {
			isa = PBXGroup;
			children = (
				9A8E805121884DB200E24441 /* Sources */,
				9A8E802121883E2C00E24441 /* AppDelegate.swift */,
				9A8E802321883E2C00E24441 /* ViewController.swift */,
				9A8E802521883E2C00E24441 /* Main.storyboard */,
				9A8E802821883E2E00E24441 /* Assets.xcassets */,
				9A8E802A21883E2E00E24441 /* LaunchScreen.storyboard */,
				9A8E802D21883E2E00E24441 /* Info.plist */,
			);
			path = File;
			sourceTree = "<group>";
		};
		9A8E803521883E2E00E24441 /* FileTests */ = {
			isa = PBXGroup;
			children = (
				9A8E803621883E2E00E24441 /* FileTests.swift */,
				9A8E803821883E2E00E24441 /* Info.plist */,
			);
			path = FileTests;
			sourceTree = "<group>";
		};
		9A8E804021883E2E00E24441 /* FileUITests */ = {
			isa = PBXGroup;
			children = (
				9A8E804121883E2E00E24441 /* FileUITests.swift */,
				9A8E804321883E2E00E24441 /* Info.plist */,
			);
			path = FileUITests;
			sourceTree = "<group>";
		};
		9A8E805121884DB200E24441 /* Sources */ = {
			isa = PBXGroup;
			children = (
				9A8E804F21883E5900E24441 /* File.swift */,
			);
			name = Sources;
			path = ../Sources;
			sourceTree = "<group>";
		};
/* End PBXGroup section */

/* Begin PBXNativeTarget section */
		9A8E801D21883E2C00E24441 /* File */ = {
			isa = PBXNativeTarget;
			buildConfigurationList = 9A8E804621883E2E00E24441 /* Build configuration list for PBXNativeTarget "File" */;
			buildPhases = (
				9A8E801A21883E2C00E24441 /* Sources */,
				9A8E801B21883E2C00E24441 /* Frameworks */,
				9A8E801C21883E2C00E24441 /* Resources */,
			);
			buildRules = (
			);
			dependencies = (
			);
			name = File;
			productName = File;
			productReference = 9A8E801E21883E2C00E24441 /* File.app */;
			productType = "com.apple.product-type.application";
		};
		9A8E803121883E2E00E24441 /* FileTests */ = {
			isa = PBXNativeTarget;
			buildConfigurationList = 9A8E804921883E2E00E24441 /* Build configuration list for PBXNativeTarget "FileTests" */;
			buildPhases = (
				9A8E802E21883E2E00E24441 /* Sources */,
				9A8E802F21883E2E00E24441 /* Frameworks */,
				9A8E803021883E2E00E24441 /* Resources */,
			);
			buildRules = (
			);
			dependencies = (
				9A8E803421883E2E00E24441 /* PBXTargetDependency */,
			);
			name = FileTests;
			productName = FileTests;
			productReference = 9A8E803221883E2E00E24441 /* FileTests.xctest */;
			productType = "com.apple.product-type.bundle.unit-test";
		};
		9A8E803C21883E2E00E24441 /* FileUITests */ = {
			isa = PBXNativeTarget;
			buildConfigurationList = 9A8E804C21883E2E00E24441 /* Build configuration list for PBXNativeTarget "FileUITests" */;
			buildPhases = (
				9A8E803921883E2E00E24441 /* Sources */,
				9A8E803A21883E2E00E24441 /* Frameworks */,
				9A8E803B21883E2E00E24441 /* Resources */,
			);
			buildRules = (
			);
			dependencies = (
				9A8E803F21883E2E00E24441 /* PBXTargetDependency */,
			);
			name = FileUITests;
			productName = FileUITests;
			productReference = 9A8E803D21883E2E00E24441 /* FileUITests.xctest */;
			productType = "com.apple.product-type.bundle.ui-testing";
		};
/* End PBXNativeTarget section */

/* Begin PBXProject section */
		9A8E801621883E2C00E24441 /* Project object */ = {
			isa = PBXProject;
			attributes = {
				LastSwiftUpdateCheck = 1000;
				LastUpgradeCheck = 1000;
				ORGANIZATIONNAME = karim;
				TargetAttributes = {
					9A8E801D21883E2C00E24441 = {
						CreatedOnToolsVersion = 10.0;
					};
					9A8E803121883E2E00E24441 = {
						CreatedOnToolsVersion = 10.0;
						TestTargetID = 9A8E801D21883E2C00E24441;
					};
					9A8E803C21883E2E00E24441 = {
						CreatedOnToolsVersion = 10.0;
						TestTargetID = 9A8E801D21883E2C00E24441;
					};
				};
			};
			buildConfigurationList = 9A8E801921883E2C00E24441 /* Build configuration list for PBXProject "File" */;
			compatibilityVersion = "Xcode 9.3";
			developmentRegion = en;
			hasScannedForEncodings = 0;
			knownRegions = (
				en,
				Base,
			);
			mainGroup = 9A8E801521883E2C00E24441;
			productRefGroup = 9A8E801F21883E2C00E24441 /* Products */;
			projectDirPath = "";
			projectRoot = "";
			targets = (
				9A8E801D21883E2C00E24441 /* File */,
				9A8E803121883E2E00E24441 /* FileTests */,
				9A8E803C21883E2E00E24441 /* FileUITests */,
			);
		};
/* End PBXProject section */

/* Begin PBXResourcesBuildPhase section */
		9A8E801C21883E2C00E24441 /* Resources */ = {
			isa = PBXResourcesBuildPhase;
			buildActionMask = 2147483647;
			files = (
				9A8E802C21883E2E00E24441 /* LaunchScreen.storyboard in Resources */,
				9A8E802921883E2E00E24441 /* Assets.xcassets in Resources */,
				9A8E802721883E2C00E24441 /* Main.storyboard in Resources */,
			);
			runOnlyForDeploymentPostprocessing = 0;
		};
		9A8E803021883E2E00E24441 /* Resources */ = {
			isa = PBXResourcesBuildPhase;
			buildActionMask = 2147483647;
			files = (
			);
			runOnlyForDeploymentPostprocessing = 0;
		};
		9A8E803B21883E2E00E24441 /* Resources */ = {
			isa = PBXResourcesBuildPhase;
			buildActionMask = 2147483647;
			files = (
			);
			runOnlyForDeploymentPostprocessing = 0;
		};
/* End PBXResourcesBuildPhase section */

/* Begin PBXSourcesBuildPhase section */
		9A8E801A21883E2C00E24441 /* Sources */ = {
			isa = PBXSourcesBuildPhase;
			buildActionMask = 2147483647;
			files = (
				9A8E802421883E2C00E24441 /* ViewController.swift in Sources */,
				9A8E805021883E5900E24441 /* File.swift in Sources */,
				9A8E802221883E2C00E24441 /* AppDelegate.swift in Sources */,
			);
			runOnlyForDeploymentPostprocessing = 0;
		};
		9A8E802E21883E2E00E24441 /* Sources */ = {
			isa = PBXSourcesBuildPhase;
			buildActionMask = 2147483647;
			files = (
				9A8E803721883E2E00E24441 /* FileTests.swift in Sources */,
			);
			runOnlyForDeploymentPostprocessing = 0;
		};
		9A8E803921883E2E00E24441 /* Sources */ = {
			isa = PBXSourcesBuildPhase;
			buildActionMask = 2147483647;
			files = (
				9A8E804221883E2E00E24441 /* FileUITests.swift in Sources */,
			);
			runOnlyForDeploymentPostprocessing = 0;
		};
/* End PBXSourcesBuildPhase section */

/* Begin PBXTargetDependency section */
		9A8E803421883E2E00E24441 /* PBXTargetDependency */ = {
			isa = PBXTargetDependency;
			target = 9A8E801D21883E2C00E24441 /* File */;
			targetProxy = 9A8E803321883E2E00E24441 /* PBXContainerItemProxy */;
		};
		9A8E803F21883E2E00E24441 /* PBXTargetDependency */ = {
			isa = PBXTargetDependency;
			target = 9A8E801D21883E2C00E24441 /* File */;
			targetProxy = 9A8E803E21883E2E00E24441 /* PBXContainerItemProxy */;
		};
/* End PBXTargetDependency section */

/* Begin PBXVariantGroup section */
		9A8E802521883E2C00E24441 /* Main.storyboard */ = {
			isa = PBXVariantGroup;
			children = (
				9A8E802621883E2C00E24441 /* Base */,
			);
			name = Main.storyboard;
			sourceTree = "<group>";
		};
		9A8E802A21883E2E00E24441 /* LaunchScreen.storyboard */ = {
			isa = PBXVariantGroup;
			children = (
				9A8E802B21883E2E00E24441 /* Base */,
			);
			name = LaunchScreen.storyboard;
			sourceTree = "<group>";
		};
/* End PBXVariantGroup section */

/* Begin XCBuildConfiguration section */
		9A8E804421883E2E00E24441 /* Debug */ = {
			isa = XCBuildConfiguration;
			buildSettings = {
				ALWAYS_SEARCH_USER_PATHS = NO;
				CLANG_ANALYZER_NONNULL = YES;
				CLANG_ANALYZER_NUMBER_OBJECT_CONVERSION = YES_AGGRESSIVE;
				CLANG_CXX_LANGUAGE_STANDARD = "gnu++14";
				CLANG_CXX_LIBRARY = "libc++";
				CLANG_ENABLE_MODULES = YES;
				CLANG_ENABLE_OBJC_ARC = YES;
				CLANG_ENABLE_OBJC_WEAK = YES;
				CLANG_WARN_BLOCK_CAPTURE_AUTORELEASING = YES;
				CLANG_WARN_BOOL_CONVERSION = YES;
				CLANG_WARN_COMMA = YES;
				CLANG_WARN_CONSTANT_CONVERSION = YES;
				CLANG_WARN_DEPRECATED_OBJC_IMPLEMENTATIONS = YES;
				CLANG_WARN_DIRECT_OBJC_ISA_USAGE = YES_ERROR;
				CLANG_WARN_DOCUMENTATION_COMMENTS = YES;
				CLANG_WARN_EMPTY_BODY = YES;
				CLANG_WARN_ENUM_CONVERSION = YES;
				CLANG_WARN_INFINITE_RECURSION = YES;
				CLANG_WARN_INT_CONVERSION = YES;
				CLANG_WARN_NON_LITERAL_NULL_CONVERSION = YES;
				CLANG_WARN_OBJC_IMPLICIT_RETAIN_SELF = YES;
				CLANG_WARN_OBJC_LITERAL_CONVERSION = YES;
				CLANG_WARN_OBJC_ROOT_CLASS = YES_ERROR;
				CLANG_WARN_RANGE_LOOP_ANALYSIS = YES;
				CLANG_WARN_STRICT_PROTOTYPES = YES;
				CLANG_WARN_SUSPICIOUS_MOVE = YES;
				CLANG_WARN_UNGUARDED_AVAILABILITY = YES_AGGRESSIVE;
				CLANG_WARN_UNREACHABLE_CODE = YES;
				CLANG_WARN__DUPLICATE_METHOD_MATCH = YES;
				CODE_SIGN_IDENTITY = "iPhone Developer";
				COPY_PHASE_STRIP = NO;
				DEBUG_INFORMATION_FORMAT = dwarf;
				ENABLE_STRICT_OBJC_MSGSEND = YES;
				ENABLE_TESTABILITY = YES;
				GCC_C_LANGUAGE_STANDARD = gnu11;
				GCC_DYNAMIC_NO_PIC = NO;
				GCC_NO_COMMON_BLOCKS = YES;
				GCC_OPTIMIZATION_LEVEL = 0;
				GCC_PREPROCESSOR_DEFINITIONS = (
					"DEBUG=1",
					"$(inherited)",
				);
				GCC_WARN_64_TO_32_BIT_CONVERSION = YES;
				GCC_WARN_ABOUT_RETURN_TYPE = YES_ERROR;
				GCC_WARN_UNDECLARED_SELECTOR = YES;
				GCC_WARN_UNINITIALIZED_AUTOS = YES_AGGRESSIVE;
				GCC_WARN_UNUSED_FUNCTION = YES;
				GCC_WARN_UNUSED_VARIABLE = YES;
				IPHONEOS_DEPLOYMENT_TARGET = 12.0;
				MTL_ENABLE_DEBUG_INFO = INCLUDE_SOURCE;
				MTL_FAST_MATH = YES;
				ONLY_ACTIVE_ARCH = YES;
				SDKROOT = iphoneos;
				SWIFT_ACTIVE_COMPILATION_CONDITIONS = DEBUG;
				SWIFT_OPTIMIZATION_LEVEL = "-Onone";
			};
			name = Debug;
		};
		9A8E804521883E2E00E24441 /* Release */ = {
			isa = XCBuildConfiguration;
			buildSettings = {
				ALWAYS_SEARCH_USER_PATHS = NO;
				CLANG_ANALYZER_NONNULL = YES;
				CLANG_ANALYZER_NUMBER_OBJECT_CONVERSION = YES_AGGRESSIVE;
				CLANG_CXX_LANGUAGE_STANDARD = "gnu++14";
				CLANG_CXX_LIBRARY = "libc++";
				CLANG_ENABLE_MODULES = YES;
				CLANG_ENABLE_OBJC_ARC = YES;
				CLANG_ENABLE_OBJC_WEAK = YES;
				CLANG_WARN_BLOCK_CAPTURE_AUTORELEASING = YES;
				CLANG_WARN_BOOL_CONVERSION = YES;
				CLANG_WARN_COMMA = YES;
				CLANG_WARN_CONSTANT_CONVERSION = YES;
				CLANG_WARN_DEPRECATED_OBJC_IMPLEMENTATIONS = YES;
				CLANG_WARN_DIRECT_OBJC_ISA_USAGE = YES_ERROR;
				CLANG_WARN_DOCUMENTATION_COMMENTS = YES;
				CLANG_WARN_EMPTY_BODY = YES;
				CLANG_WARN_ENUM_CONVERSION = YES;
				CLANG_WARN_INFINITE_RECURSION = YES;
				CLANG_WARN_INT_CONVERSION = YES;
				CLANG_WARN_NON_LITERAL_NULL_CONVERSION = YES;
				CLANG_WARN_OBJC_IMPLICIT_RETAIN_SELF = YES;
				CLANG_WARN_OBJC_LITERAL_CONVERSION = YES;
				CLANG_WARN_OBJC_ROOT_CLASS = YES_ERROR;
				CLANG_WARN_RANGE_LOOP_ANALYSIS = YES;
				CLANG_WARN_STRICT_PROTOTYPES = YES;
				CLANG_WARN_SUSPICIOUS_MOVE = YES;
				CLANG_WARN_UNGUARDED_AVAILABILITY = YES_AGGRESSIVE;
				CLANG_WARN_UNREACHABLE_CODE = YES;
				CLANG_WARN__DUPLICATE_METHOD_MATCH = YES;
				CODE_SIGN_IDENTITY = "iPhone Developer";
				COPY_PHASE_STRIP = NO;
				DEBUG_INFORMATION_FORMAT = "dwarf-with-dsym";
				ENABLE_NS_ASSERTIONS = NO;
				ENABLE_STRICT_OBJC_MSGSEND = YES;
				GCC_C_LANGUAGE_STANDARD = gnu11;
				GCC_NO_COMMON_BLOCKS = YES;
				GCC_WARN_64_TO_32_BIT_CONVERSION = YES;
				GCC_WARN_ABOUT_RETURN_TYPE = YES_ERROR;
				GCC_WARN_UNDECLARED_SELECTOR = YES;
				GCC_WARN_UNINITIALIZED_AUTOS = YES_AGGRESSIVE;
				GCC_WARN_UNUSED_FUNCTION = YES;
				GCC_WARN_UNUSED_VARIABLE = YES;
				IPHONEOS_DEPLOYMENT_TARGET = 12.0;
				MTL_ENABLE_DEBUG_INFO = NO;
				MTL_FAST_MATH = YES;
				SDKROOT = iphoneos;
				SWIFT_COMPILATION_MODE = wholemodule;
				SWIFT_OPTIMIZATION_LEVEL = "-O";
				VALIDATE_PRODUCT = YES;
			};
			name = Release;
		};
		9A8E804721883E2E00E24441 /* Debug */ = {
			isa = XCBuildConfiguration;
			buildSettings = {
				ASSETCATALOG_COMPILER_APPICON_NAME = AppIcon;
				CODE_SIGN_STYLE = Automatic;
				DEVELOPMENT_TEAM = J3BJ7G2PUN;
				INFOPLIST_FILE = File/Info.plist;
				LD_RUNPATH_SEARCH_PATHS = (
					"$(inherited)",
					"@executable_path/Frameworks",
				);
				PRODUCT_BUNDLE_IDENTIFIER = com.karim.File;
				PRODUCT_NAME = "$(TARGET_NAME)";
				SWIFT_VERSION = 4.2;
				TARGETED_DEVICE_FAMILY = "1,2";
			};
			name = Debug;
		};
		9A8E804821883E2E00E24441 /* Release */ = {
			isa = XCBuildConfiguration;
			buildSettings = {
				ASSETCATALOG_COMPILER_APPICON_NAME = AppIcon;
				CODE_SIGN_STYLE = Automatic;
				DEVELOPMENT_TEAM = J3BJ7G2PUN;
				INFOPLIST_FILE = File/Info.plist;
				LD_RUNPATH_SEARCH_PATHS = (
					"$(inherited)",
					"@executable_path/Frameworks",
				);
				PRODUCT_BUNDLE_IDENTIFIER = com.karim.File;
				PRODUCT_NAME = "$(TARGET_NAME)";
				SWIFT_VERSION = 4.2;
				TARGETED_DEVICE_FAMILY = "1,2";
			};
			name = Release;
		};
		9A8E804A21883E2E00E24441 /* Debug */ = {
			isa = XCBuildConfiguration;
			buildSettings = {
				ALWAYS_EMBED_SWIFT_STANDARD_LIBRARIES = YES;
				BUNDLE_LOADER = "$(TEST_HOST)";
				CODE_SIGN_STYLE = Automatic;
				DEVELOPMENT_TEAM = J3BJ7G2PUN;
				INFOPLIST_FILE = FileTests/Info.plist;
				LD_RUNPATH_SEARCH_PATHS = (
					"$(inherited)",
					"@executable_path/Frameworks",
					"@loader_path/Frameworks",
				);
				PRODUCT_BUNDLE_IDENTIFIER = com.karim.FileTests;
				PRODUCT_NAME = "$(TARGET_NAME)";
				SWIFT_VERSION = 4.2;
				TARGETED_DEVICE_FAMILY = "1,2";
				TEST_HOST = "$(BUILT_PRODUCTS_DIR)/File.app/File";
			};
			name = Debug;
		};
		9A8E804B21883E2E00E24441 /* Release */ = {
			isa = XCBuildConfiguration;
			buildSettings = {
				ALWAYS_EMBED_SWIFT_STANDARD_LIBRARIES = YES;
				BUNDLE_LOADER = "$(TEST_HOST)";
				CODE_SIGN_STYLE = Automatic;
				DEVELOPMENT_TEAM = J3BJ7G2PUN;
				INFOPLIST_FILE = FileTests/Info.plist;
				LD_RUNPATH_SEARCH_PATHS = (
					"$(inherited)",
					"@executable_path/Frameworks",
					"@loader_path/Frameworks",
				);
				PRODUCT_BUNDLE_IDENTIFIER = com.karim.FileTests;
				PRODUCT_NAME = "$(TARGET_NAME)";
				SWIFT_VERSION = 4.2;
				TARGETED_DEVICE_FAMILY = "1,2";
				TEST_HOST = "$(BUILT_PRODUCTS_DIR)/File.app/File";
			};
			name = Release;
		};
		9A8E804D21883E2E00E24441 /* Debug */ = {
			isa = XCBuildConfiguration;
			buildSettings = {
				ALWAYS_EMBED_SWIFT_STANDARD_LIBRARIES = YES;
				CODE_SIGN_STYLE = Automatic;
				DEVELOPMENT_TEAM = J3BJ7G2PUN;
				INFOPLIST_FILE = FileUITests/Info.plist;
				LD_RUNPATH_SEARCH_PATHS = (
					"$(inherited)",
					"@executable_path/Frameworks",
					"@loader_path/Frameworks",
				);
				PRODUCT_BUNDLE_IDENTIFIER = com.karim.FileUITests;
				PRODUCT_NAME = "$(TARGET_NAME)";
				SWIFT_VERSION = 4.2;
				TARGETED_DEVICE_FAMILY = "1,2";
				TEST_TARGET_NAME = File;
			};
			name = Debug;
		};
		9A8E804E21883E2E00E24441 /* Release */ = {
			isa = XCBuildConfiguration;
			buildSettings = {
				ALWAYS_EMBED_SWIFT_STANDARD_LIBRARIES = YES;
				CODE_SIGN_STYLE = Automatic;
				DEVELOPMENT_TEAM = J3BJ7G2PUN;
				INFOPLIST_FILE = FileUITests/Info.plist;
				LD_RUNPATH_SEARCH_PATHS = (
					"$(inherited)",
					"@executable_path/Frameworks",
					"@loader_path/Frameworks",
				);
				PRODUCT_BUNDLE_IDENTIFIER = com.karim.FileUITests;
				PRODUCT_NAME = "$(TARGET_NAME)";
				SWIFT_VERSION = 4.2;
				TARGETED_DEVICE_FAMILY = "1,2";
				TEST_TARGET_NAME = File;
			};
			name = Release;
		};
/* End XCBuildConfiguration section */

/* Begin XCConfigurationList section */
		9A8E801921883E2C00E24441 /* Build configuration list for PBXProject "File" */ = {
			isa = XCConfigurationList;
			buildConfigurations = (
				9A8E804421883E2E00E24441 /* Debug */,
				9A8E804521883E2E00E24441 /* Release */,
			);
			defaultConfigurationIsVisible = 0;
			defaultConfigurationName = Release;
		};
		9A8E804621883E2E00E24441 /* Build configuration list for PBXNativeTarget "File" */ = {
			isa = XCConfigurationList;
			buildConfigurations = (
				9A8E804721883E2E00E24441 /* Debug */,
				9A8E804821883E2E00E24441 /* Release */,
			);
			defaultConfigurationIsVisible = 0;
			defaultConfigurationName = Release;
		};
		9A8E804921883E2E00E24441 /* Build configuration list for PBXNativeTarget "FileTests" */ = {
			isa = XCConfigurationList;
			buildConfigurations = (
				9A8E804A21883E2E00E24441 /* Debug */,
				9A8E804B21883E2E00E24441 /* Release */,
			);
			defaultConfigurationIsVisible = 0;
			defaultConfigurationName = Release;
		};
		9A8E804C21883E2E00E24441 /* Build configuration list for PBXNativeTarget "FileUITests" */ = {
			isa = XCConfigurationList;
			buildConfigurations = (
				9A8E804D21883E2E00E24441 /* Debug */,
				9A8E804E21883E2E00E24441 /* Release */,
			);
			defaultConfigurationIsVisible = 0;
			defaultConfigurationName = Release;
		};
/* End XCConfigurationList section */
	};
	rootObject = 9A8E801621883E2C00E24441 /* Project object */;
}
